// !$*UTF8*$!
{
	archiveVersion = 1;
	classes = {
	};
	objectVersion = 50;
	objects = {

/* Begin PBXBuildFile section */
		426F667423CF239D0075E7E1 /* TalkRow.swift in Sources */ = {isa = PBXBuildFile; fileRef = 426F667323CF239D0075E7E1 /* TalkRow.swift */; };
		426F667623CF4E4F0075E7E1 /* TalkList.swift in Sources */ = {isa = PBXBuildFile; fileRef = 426F667523CF4E4F0075E7E1 /* TalkList.swift */; };
		426F667823CF54720075E7E1 /* TalkDetail.swift in Sources */ = {isa = PBXBuildFile; fileRef = 426F667723CF54720075E7E1 /* TalkDetail.swift */; };
		427948F623CF626200C88A3C /* Session.swift in Sources */ = {isa = PBXBuildFile; fileRef = 427948F523CF626200C88A3C /* Session.swift */; };
		49FB62092337D02100C5766E /* AppDelegate.swift in Sources */ = {isa = PBXBuildFile; fileRef = 49FB62082337D02100C5766E /* AppDelegate.swift */; };
		49FB620B2337D02100C5766E /* SceneDelegate.swift in Sources */ = {isa = PBXBuildFile; fileRef = 49FB620A2337D02100C5766E /* SceneDelegate.swift */; };
		49FB620F2337D02400C5766E /* Assets.xcassets in Resources */ = {isa = PBXBuildFile; fileRef = 49FB620E2337D02400C5766E /* Assets.xcassets */; };
		49FB62122337D02400C5766E /* Preview Assets.xcassets in Resources */ = {isa = PBXBuildFile; fileRef = 49FB62112337D02400C5766E /* Preview Assets.xcassets */; };
		49FB62152337D02400C5766E /* LaunchScreen.storyboard in Resources */ = {isa = PBXBuildFile; fileRef = 49FB62132337D02400C5766E /* LaunchScreen.storyboard */; };
		49FB62212337D4E700C5766E /* Talk.swift in Sources */ = {isa = PBXBuildFile; fileRef = 49FB62202337D4E700C5766E /* Talk.swift */; };
/* End PBXBuildFile section */

/* Begin PBXFileReference section */
		426F667323CF239D0075E7E1 /* TalkRow.swift */ = {isa = PBXFileReference; lastKnownFileType = sourcecode.swift; path = TalkRow.swift; sourceTree = "<group>"; };
		426F667523CF4E4F0075E7E1 /* TalkList.swift */ = {isa = PBXFileReference; lastKnownFileType = sourcecode.swift; path = TalkList.swift; sourceTree = "<group>"; };
		426F667723CF54720075E7E1 /* TalkDetail.swift */ = {isa = PBXFileReference; lastKnownFileType = sourcecode.swift; path = TalkDetail.swift; sourceTree = "<group>"; };
		427948F523CF626200C88A3C /* Session.swift */ = {isa = PBXFileReference; lastKnownFileType = sourcecode.swift; path = Session.swift; sourceTree = "<group>"; };
		49FB62052337D02100C5766E /* ModernApp.app */ = {isa = PBXFileReference; explicitFileType = wrapper.application; includeInIndex = 0; path = ModernApp.app; sourceTree = BUILT_PRODUCTS_DIR; };
		49FB62082337D02100C5766E /* AppDelegate.swift */ = {isa = PBXFileReference; lastKnownFileType = sourcecode.swift; path = AppDelegate.swift; sourceTree = "<group>"; };
		49FB620A2337D02100C5766E /* SceneDelegate.swift */ = {isa = PBXFileReference; lastKnownFileType = sourcecode.swift; path = SceneDelegate.swift; sourceTree = "<group>"; };
		49FB620E2337D02400C5766E /* Assets.xcassets */ = {isa = PBXFileReference; lastKnownFileType = folder.assetcatalog; path = Assets.xcassets; sourceTree = "<group>"; };
		49FB62112337D02400C5766E /* Preview Assets.xcassets */ = {isa = PBXFileReference; lastKnownFileType = folder.assetcatalog; path = "Preview Assets.xcassets"; sourceTree = "<group>"; };
		49FB62142337D02400C5766E /* Base */ = {isa = PBXFileReference; lastKnownFileType = file.storyboard; name = Base; path = Base.lproj/LaunchScreen.storyboard; sourceTree = "<group>"; };
		49FB62162337D02400C5766E /* Info.plist */ = {isa = PBXFileReference; lastKnownFileType = text.plist.xml; path = Info.plist; sourceTree = "<group>"; };
		49FB62202337D4E700C5766E /* Talk.swift */ = {isa = PBXFileReference; lastKnownFileType = sourcecode.swift; path = Talk.swift; sourceTree = "<group>"; };
/* End PBXFileReference section */

/* Begin PBXFrameworksBuildPhase section */
		49FB62022337D02100C5766E /* Frameworks */ = {
			isa = PBXFrameworksBuildPhase;
			buildActionMask = 2147483647;
			files = (
			);
			runOnlyForDeploymentPostprocessing = 0;
		};
/* End PBXFrameworksBuildPhase section */

/* Begin PBXGroup section */
		49FB61FC2337D02100C5766E = {
			isa = PBXGroup;
			children = (
				49FB62072337D02100C5766E /* ModernApp */,
				49FB62062337D02100C5766E /* Products */,
			);
			sourceTree = "<group>";
		};
		49FB62062337D02100C5766E /* Products */ = {
			isa = PBXGroup;
			children = (
				49FB62052337D02100C5766E /* ModernApp.app */,
			);
			name = Products;
			sourceTree = "<group>";
		};
		49FB62072337D02100C5766E /* ModernApp */ = {
			isa = PBXGroup;
			children = (
				49FB62162337D02400C5766E /* Info.plist */,
				49FB62202337D4E700C5766E /* Talk.swift */,
				427948F523CF626200C88A3C /* Session.swift */,
				49FB62082337D02100C5766E /* AppDelegate.swift */,
				49FB620A2337D02100C5766E /* SceneDelegate.swift */,
				426F667323CF239D0075E7E1 /* TalkRow.swift */,
				49FB620E2337D02400C5766E /* Assets.xcassets */,
				49FB62132337D02400C5766E /* LaunchScreen.storyboard */,
				49FB62102337D02400C5766E /* Preview Content */,
				426F667523CF4E4F0075E7E1 /* TalkList.swift */,
				426F667723CF54720075E7E1 /* TalkDetail.swift */,
			);
			path = ModernApp;
			sourceTree = "<group>";
		};
		49FB62102337D02400C5766E /* Preview Content */ = {
			isa = PBXGroup;
			children = (
				49FB62112337D02400C5766E /* Preview Assets.xcassets */,
			);
			path = "Preview Content";
			sourceTree = "<group>";
		};
/* End PBXGroup section */

/* Begin PBXNativeTarget section */
		49FB62042337D02100C5766E /* ModernApp */ = {
			isa = PBXNativeTarget;
			buildConfigurationList = 49FB62192337D02400C5766E /* Build configuration list for PBXNativeTarget "ModernApp" */;
			buildPhases = (
				49FB62012337D02100C5766E /* Sources */,
				49FB62022337D02100C5766E /* Frameworks */,
				49FB62032337D02100C5766E /* Resources */,
			);
			buildRules = (
			);
			dependencies = (
			);
			name = ModernApp;
			productName = ModernApp;
			productReference = 49FB62052337D02100C5766E /* ModernApp.app */;
			productType = "com.apple.product-type.application";
		};
/* End PBXNativeTarget section */

/* Begin PBXProject section */
		49FB61FD2337D02100C5766E /* Project object */ = {
			isa = PBXProject;
			attributes = {
				LastSwiftUpdateCheck = 1100;
				LastUpgradeCheck = 1100;
				ORGANIZATIONNAME = Xebia;
				TargetAttributes = {
					49FB62042337D02100C5766E = {
						CreatedOnToolsVersion = 11.0;
					};
				};
			};
			buildConfigurationList = 49FB62002337D02100C5766E /* Build configuration list for PBXProject "ModernApp" */;
			compatibilityVersion = "Xcode 9.3";
			developmentRegion = en;
			hasScannedForEncodings = 0;
			knownRegions = (
				en,
				Base,
			);
			mainGroup = 49FB61FC2337D02100C5766E;
			productRefGroup = 49FB62062337D02100C5766E /* Products */;
			projectDirPath = "";
			projectRoot = "";
			targets = (
				49FB62042337D02100C5766E /* ModernApp */,
			);
		};
/* End PBXProject section */

/* Begin PBXResourcesBuildPhase section */
		49FB62032337D02100C5766E /* Resources */ = {
			isa = PBXResourcesBuildPhase;
			buildActionMask = 2147483647;
			files = (
				49FB62152337D02400C5766E /* LaunchScreen.storyboard in Resources */,
				49FB62122337D02400C5766E /* Preview Assets.xcassets in Resources */,
				49FB620F2337D02400C5766E /* Assets.xcassets in Resources */,
			);
			runOnlyForDeploymentPostprocessing = 0;
		};
/* End PBXResourcesBuildPhase section */

/* Begin PBXSourcesBuildPhase section */
		49FB62012337D02100C5766E /* Sources */ = {
			isa = PBXSourcesBuildPhase;
			buildActionMask = 2147483647;
			files = (
				427948F623CF626200C88A3C /* Session.swift in Sources */,
				426F667423CF239D0075E7E1 /* TalkRow.swift in Sources */,
				426F667623CF4E4F0075E7E1 /* TalkList.swift in Sources */,
				49FB62092337D02100C5766E /* AppDelegate.swift in Sources */,
				49FB620B2337D02100C5766E /* SceneDelegate.swift in Sources */,
				426F667823CF54720075E7E1 /* TalkDetail.swift in Sources */,
				49FB62212337D4E700C5766E /* Talk.swift in Sources */,
			);
			runOnlyForDeploymentPostprocessing = 0;
		};
/* End PBXSourcesBuildPhase section */

/* Begin PBXVariantGroup section */
		49FB62132337D02400C5766E /* LaunchScreen.storyboard */ = {
			isa = PBXVariantGroup;
			children = (
				49FB62142337D02400C5766E /* Base */,
			);
			name = LaunchScreen.storyboard;
			sourceTree = "<group>";
		};
/* End PBXVariantGroup section */

/* Begin XCBuildConfiguration section */
		49FB62172337D02400C5766E /* Debug */ = {
			isa = XCBuildConfiguration;
			buildSettings = {
				ALWAYS_SEARCH_USER_PATHS = NO;
				CLANG_ANALYZER_NONNULL = YES;
				CLANG_ANALYZER_NUMBER_OBJECT_CONVERSION = YES_AGGRESSIVE;
				CLANG_CXX_LANGUAGE_STANDARD = "gnu++14";
				CLANG_CXX_LIBRARY = "libc++";
				CLANG_ENABLE_MODULES = YES;
				CLANG_ENABLE_OBJC_ARC = YES;
				CLANG_ENABLE_OBJC_WEAK = YES;
				CLANG_WARN_BLOCK_CAPTURE_AUTORELEASING = YES;
				CLANG_WARN_BOOL_CONVERSION = YES;
				CLANG_WARN_COMMA = YES;
				CLANG_WARN_CONSTANT_CONVERSION = YES;
				CLANG_WARN_DEPRECATED_OBJC_IMPLEMENTATIONS = YES;
				CLANG_WARN_DIRECT_OBJC_ISA_USAGE = YES_ERROR;
				CLANG_WARN_DOCUMENTATION_COMMENTS = YES;
				CLANG_WARN_EMPTY_BODY = YES;
				CLANG_WARN_ENUM_CONVERSION = YES;
				CLANG_WARN_INFINITE_RECURSION = YES;
				CLANG_WARN_INT_CONVERSION = YES;
				CLANG_WARN_NON_LITERAL_NULL_CONVERSION = YES;
				CLANG_WARN_OBJC_IMPLICIT_RETAIN_SELF = YES;
				CLANG_WARN_OBJC_LITERAL_CONVERSION = YES;
				CLANG_WARN_OBJC_ROOT_CLASS = YES_ERROR;
				CLANG_WARN_RANGE_LOOP_ANALYSIS = YES;
				CLANG_WARN_STRICT_PROTOTYPES = YES;
				CLANG_WARN_SUSPICIOUS_MOVE = YES;
				CLANG_WARN_UNGUARDED_AVAILABILITY = YES_AGGRESSIVE;
				CLANG_WARN_UNREACHABLE_CODE = YES;
				CLANG_WARN__DUPLICATE_METHOD_MATCH = YES;
				COPY_PHASE_STRIP = NO;
				DEBUG_INFORMATION_FORMAT = dwarf;
				ENABLE_STRICT_OBJC_MSGSEND = YES;
				ENABLE_TESTABILITY = YES;
				GCC_C_LANGUAGE_STANDARD = gnu11;
				GCC_DYNAMIC_NO_PIC = NO;
				GCC_NO_COMMON_BLOCKS = YES;
				GCC_OPTIMIZATION_LEVEL = 0;
				GCC_PREPROCESSOR_DEFINITIONS = (
					"DEBUG=1",
					"$(inherited)",
				);
				GCC_WARN_64_TO_32_BIT_CONVERSION = YES;
				GCC_WARN_ABOUT_RETURN_TYPE = YES_ERROR;
				GCC_WARN_UNDECLARED_SELECTOR = YES;
				GCC_WARN_UNINITIALIZED_AUTOS = YES_AGGRESSIVE;
				GCC_WARN_UNUSED_FUNCTION = YES;
				GCC_WARN_UNUSED_VARIABLE = YES;
				IPHONEOS_DEPLOYMENT_TARGET = 13.0;
				MTL_ENABLE_DEBUG_INFO = INCLUDE_SOURCE;
				MTL_FAST_MATH = YES;
				ONLY_ACTIVE_ARCH = YES;
				SDKROOT = iphoneos;
				SWIFT_ACTIVE_COMPILATION_CONDITIONS = DEBUG;
				SWIFT_OPTIMIZATION_LEVEL = "-Onone";
			};
			name = Debug;
		};
		49FB62182337D02400C5766E /* Release */ = {
			isa = XCBuildConfiguration;
			buildSettings = {
				ALWAYS_SEARCH_USER_PATHS = NO;
				CLANG_ANALYZER_NONNULL = YES;
				CLANG_ANALYZER_NUMBER_OBJECT_CONVERSION = YES_AGGRESSIVE;
				CLANG_CXX_LANGUAGE_STANDARD = "gnu++14";
				CLANG_CXX_LIBRARY = "libc++";
				CLANG_ENABLE_MODULES = YES;
				CLANG_ENABLE_OBJC_ARC = YES;
				CLANG_ENABLE_OBJC_WEAK = YES;
				CLANG_WARN_BLOCK_CAPTURE_AUTORELEASING = YES;
				CLANG_WARN_BOOL_CONVERSION = YES;
				CLANG_WARN_COMMA = YES;
				CLANG_WARN_CONSTANT_CONVERSION = YES;
				CLANG_WARN_DEPRECATED_OBJC_IMPLEMENTATIONS = YES;
				CLANG_WARN_DIRECT_OBJC_ISA_USAGE = YES_ERROR;
				CLANG_WARN_DOCUMENTATION_COMMENTS = YES;
				CLANG_WARN_EMPTY_BODY = YES;
				CLANG_WARN_ENUM_CONVERSION = YES;
				CLANG_WARN_INFINITE_RECURSION = YES;
				CLANG_WARN_INT_CONVERSION = YES;
				CLANG_WARN_NON_LITERAL_NULL_CONVERSION = YES;
				CLANG_WARN_OBJC_IMPLICIT_RETAIN_SELF = YES;
				CLANG_WARN_OBJC_LITERAL_CONVERSION = YES;
				CLANG_WARN_OBJC_ROOT_CLASS = YES_ERROR;
				CLANG_WARN_RANGE_LOOP_ANALYSIS = YES;
				CLANG_WARN_STRICT_PROTOTYPES = YES;
				CLANG_WARN_SUSPICIOUS_MOVE = YES;
				CLANG_WARN_UNGUARDED_AVAILABILITY = YES_AGGRESSIVE;
				CLANG_WARN_UNREACHABLE_CODE = YES;
				CLANG_WARN__DUPLICATE_METHOD_MATCH = YES;
				COPY_PHASE_STRIP = NO;
				DEBUG_INFORMATION_FORMAT = "dwarf-with-dsym";
				ENABLE_NS_ASSERTIONS = NO;
				ENABLE_STRICT_OBJC_MSGSEND = YES;
				GCC_C_LANGUAGE_STANDARD = gnu11;
				GCC_NO_COMMON_BLOCKS = YES;
				GCC_WARN_64_TO_32_BIT_CONVERSION = YES;
				GCC_WARN_ABOUT_RETURN_TYPE = YES_ERROR;
				GCC_WARN_UNDECLARED_SELECTOR = YES;
				GCC_WARN_UNINITIALIZED_AUTOS = YES_AGGRESSIVE;
				GCC_WARN_UNUSED_FUNCTION = YES;
				GCC_WARN_UNUSED_VARIABLE = YES;
				IPHONEOS_DEPLOYMENT_TARGET = 13.0;
				MTL_ENABLE_DEBUG_INFO = NO;
				MTL_FAST_MATH = YES;
				SDKROOT = iphoneos;
				SWIFT_COMPILATION_MODE = wholemodule;
				SWIFT_OPTIMIZATION_LEVEL = "-O";
				VALIDATE_PRODUCT = YES;
			};
			name = Release;
		};
		49FB621A2337D02400C5766E /* Debug */ = {
			isa = XCBuildConfiguration;
			buildSettings = {
				ASSETCATALOG_COMPILER_APPICON_NAME = AppIcon;
				CODE_SIGN_STYLE = Automatic;
				DEVELOPMENT_ASSET_PATHS = "\"ModernApp/Preview Content\"";
				ENABLE_PREVIEWS = YES;
				INFOPLIST_FILE = ModernApp/Info.plist;
				LD_RUNPATH_SEARCH_PATHS = (
					"$(inherited)",
					"@executable_path/Frameworks",
				);
				PRODUCT_BUNDLE_IDENTIFIER = fr.xebia.ModernApp;
				PRODUCT_NAME = "$(TARGET_NAME)";
				SWIFT_VERSION = 5.0;
				TARGETED_DEVICE_FAMILY = "1,2";
			};
			name = Debug;
		};
		49FB621B2337D02400C5766E /* Release */ = {
			isa = XCBuildConfiguration;
			buildSettings = {
				ASSETCATALOG_COMPILER_APPICON_NAME = AppIcon;
				CODE_SIGN_STYLE = Automatic;
				DEVELOPMENT_ASSET_PATHS = "\"ModernApp/Preview Content\"";
				ENABLE_PREVIEWS = YES;
				INFOPLIST_FILE = ModernApp/Info.plist;
				LD_RUNPATH_SEARCH_PATHS = (
					"$(inherited)",
					"@executable_path/Frameworks",
				);
				PRODUCT_BUNDLE_IDENTIFIER = fr.xebia.ModernApp;
				PRODUCT_NAME = "$(TARGET_NAME)";
				SWIFT_VERSION = 5.0;
				TARGETED_DEVICE_FAMILY = "1,2";
			};
			name = Release;
		};
/* End XCBuildConfiguration section */

/* Begin XCConfigurationList section */
		49FB62002337D02100C5766E /* Build configuration list for PBXProject "ModernApp" */ = {
			isa = XCConfigurationList;
			buildConfigurations = (
				49FB62172337D02400C5766E /* Debug */,
				49FB62182337D02400C5766E /* Release */,
			);
			defaultConfigurationIsVisible = 0;
			defaultConfigurationName = Release;
		};
		49FB62192337D02400C5766E /* Build configuration list for PBXNativeTarget "ModernApp" */ = {
			isa = XCConfigurationList;
			buildConfigurations = (
				49FB621A2337D02400C5766E /* Debug */,
				49FB621B2337D02400C5766E /* Release */,
			);
			defaultConfigurationIsVisible = 0;
			defaultConfigurationName = Release;
		};
/* End XCConfigurationList section */
	};
	rootObject = 49FB61FD2337D02100C5766E /* Project object */;
}
